<?xml version="1.0" encoding="utf-8"?>
<Project ToolsVersion="4.0" xmlns="http://schemas.microsoft.com/developer/msbuild/2003">
  <ItemGroup>
    <Filter Include="header files">
      <UniqueIdentifier>{910f8f41-8f62-4450-8d03-100c039d3a50}</UniqueIdentifier>
    </Filter>
    <Filter Include="source files">
      <UniqueIdentifier>{d620a6a1-31b1-4ffb-aebe-54c06bbe0281}</UniqueIdentifier>
    </Filter>
  </ItemGroup>
  <ItemGroup>
    <ClInclude Include="win_utils.hpp">
      <Filter>header files</Filter>
    </ClInclude>
  </ItemGroup>
  <ItemGroup>
    <ClCompile Include="main.cpp">
      <Filter>source files</Filter>
    </ClCompile>
  </ItemGroup>
</Project>